
Microsoft Visual Studio Solution File, Format Version 12.00
# Visual Studio Version 16
VisualStudioVersion = 16.0.31729.503
MinimumVisualStudioVersion = 10.0.40219.1
Project("{FAE04EC0-301F-11D3-BF4B-00C04F79EFBC}") = "zadanie 10", "zadanie 10\zadanie 10.csproj", "{9D0A4105-F3EB-4465-B887-C89B5018CEE1}"
EndProject
Global
	GlobalSection(SolutionConfigurationPlatforms) = preSolution
		Debug|Any CPU = Debug|Any CPU
		Release|Any CPU = Release|Any CPU
	EndGlobalSection
	GlobalSection(ProjectConfigurationPlatforms) = postSolution
		{9D0A4105-F3EB-4465-B887-C89B5018CEE1}.Debug|Any CPU.ActiveCfg = Debug|Any CPU
		{9D0A4105-F3EB-4465-B887-C89B5018CEE1}.Debug|Any CPU.Build.0 = Debug|Any CPU
		{9D0A4105-F3EB-4465-B887-C89B5018CEE1}.Release|Any CPU.ActiveCfg = Release|Any CPU
		{9D0A4105-F3EB-4465-B887-C89B5018CEE1}.Release|Any CPU.Build.0 = Release|Any CPU
	EndGlobalSection
	GlobalSection(SolutionProperties) = preSolution
		HideSolutionNode = FALSE
	EndGlobalSection
	GlobalSection(ExtensibilityGlobals) = postSolution
		SolutionGuid = {64E862F9-0228-4510-AEFF-4BF4E5A1B8EF}
	EndGlobalSection
EndGlobal
