
Microsoft Visual Studio Solution File, Format Version 12.00
# Visual Studio Version 16
VisualStudioVersion = 16.0.31729.503
MinimumVisualStudioVersion = 10.0.40219.1
Project("{FAE04EC0-301F-11D3-BF4B-00C04F79EFBC}") = "zadanie 5", "zadanie 5\zadanie 5.csproj", "{2A7CA44E-2C49-48E8-AD4E-CAB02588870B}"
EndProject
Global
	GlobalSection(SolutionConfigurationPlatforms) = preSolution
		Debug|Any CPU = Debug|Any CPU
		Release|Any CPU = Release|Any CPU
	EndGlobalSection
	GlobalSection(ProjectConfigurationPlatforms) = postSolution
		{2A7CA44E-2C49-48E8-AD4E-CAB02588870B}.Debug|Any CPU.ActiveCfg = Debug|Any CPU
		{2A7CA44E-2C49-48E8-AD4E-CAB02588870B}.Debug|Any CPU.Build.0 = Debug|Any CPU
		{2A7CA44E-2C49-48E8-AD4E-CAB02588870B}.Release|Any CPU.ActiveCfg = Release|Any CPU
		{2A7CA44E-2C49-48E8-AD4E-CAB02588870B}.Release|Any CPU.Build.0 = Release|Any CPU
	EndGlobalSection
	GlobalSection(SolutionProperties) = preSolution
		HideSolutionNode = FALSE
	EndGlobalSection
	GlobalSection(ExtensibilityGlobals) = postSolution
		SolutionGuid = {AB634220-9AF9-4168-BBB0-A8BAF57F8935}
	EndGlobalSection
EndGlobal
