
Microsoft Visual Studio Solution File, Format Version 12.00
# Visual Studio Version 16
VisualStudioVersion = 16.0.31729.503
MinimumVisualStudioVersion = 10.0.40219.1
Project("{FAE04EC0-301F-11D3-BF4B-00C04F79EFBC}") = "zadanie 28", "zadanie 28\zadanie 28.csproj", "{D39BFB3E-D41B-4C96-BBFD-BAEF91FB20DD}"
EndProject
Global
	GlobalSection(SolutionConfigurationPlatforms) = preSolution
		Debug|Any CPU = Debug|Any CPU
		Release|Any CPU = Release|Any CPU
	EndGlobalSection
	GlobalSection(ProjectConfigurationPlatforms) = postSolution
		{D39BFB3E-D41B-4C96-BBFD-BAEF91FB20DD}.Debug|Any CPU.ActiveCfg = Debug|Any CPU
		{D39BFB3E-D41B-4C96-BBFD-BAEF91FB20DD}.Debug|Any CPU.Build.0 = Debug|Any CPU
		{D39BFB3E-D41B-4C96-BBFD-BAEF91FB20DD}.Release|Any CPU.ActiveCfg = Release|Any CPU
		{D39BFB3E-D41B-4C96-BBFD-BAEF91FB20DD}.Release|Any CPU.Build.0 = Release|Any CPU
	EndGlobalSection
	GlobalSection(SolutionProperties) = preSolution
		HideSolutionNode = FALSE
	EndGlobalSection
	GlobalSection(ExtensibilityGlobals) = postSolution
		SolutionGuid = {91489BFF-DCAA-447A-8099-F99BBA22D6BE}
	EndGlobalSection
EndGlobal
