
Microsoft Visual Studio Solution File, Format Version 12.00
# Visual Studio Version 16
VisualStudioVersion = 16.0.31729.503
MinimumVisualStudioVersion = 10.0.40219.1
Project("{FAE04EC0-301F-11D3-BF4B-00C04F79EFBC}") = "ConsoleApp6", "ConsoleApp6\ConsoleApp6.csproj", "{9EA4CD3A-8BA5-489A-81DB-20337CC1AB38}"
EndProject
Global
	GlobalSection(SolutionConfigurationPlatforms) = preSolution
		Debug|Any CPU = Debug|Any CPU
		Release|Any CPU = Release|Any CPU
	EndGlobalSection
	GlobalSection(ProjectConfigurationPlatforms) = postSolution
		{9EA4CD3A-8BA5-489A-81DB-20337CC1AB38}.Debug|Any CPU.ActiveCfg = Debug|Any CPU
		{9EA4CD3A-8BA5-489A-81DB-20337CC1AB38}.Debug|Any CPU.Build.0 = Debug|Any CPU
		{9EA4CD3A-8BA5-489A-81DB-20337CC1AB38}.Release|Any CPU.ActiveCfg = Release|Any CPU
		{9EA4CD3A-8BA5-489A-81DB-20337CC1AB38}.Release|Any CPU.Build.0 = Release|Any CPU
	EndGlobalSection
	GlobalSection(SolutionProperties) = preSolution
		HideSolutionNode = FALSE
	EndGlobalSection
	GlobalSection(ExtensibilityGlobals) = postSolution
		SolutionGuid = {2C4E844A-4EA5-40D2-A812-0506D1BD3572}
	EndGlobalSection
EndGlobal
