
Microsoft Visual Studio Solution File, Format Version 12.00
# Visual Studio Version 16
VisualStudioVersion = 16.0.31729.503
MinimumVisualStudioVersion = 10.0.40219.1
Project("{FAE04EC0-301F-11D3-BF4B-00C04F79EFBC}") = "ConsoleApp12", "ConsoleApp12\ConsoleApp12.csproj", "{FF6B6EF6-608E-402B-88D8-74F967B26EF4}"
EndProject
Global
	GlobalSection(SolutionConfigurationPlatforms) = preSolution
		Debug|Any CPU = Debug|Any CPU
		Release|Any CPU = Release|Any CPU
	EndGlobalSection
	GlobalSection(ProjectConfigurationPlatforms) = postSolution
		{FF6B6EF6-608E-402B-88D8-74F967B26EF4}.Debug|Any CPU.ActiveCfg = Debug|Any CPU
		{FF6B6EF6-608E-402B-88D8-74F967B26EF4}.Debug|Any CPU.Build.0 = Debug|Any CPU
		{FF6B6EF6-608E-402B-88D8-74F967B26EF4}.Release|Any CPU.ActiveCfg = Release|Any CPU
		{FF6B6EF6-608E-402B-88D8-74F967B26EF4}.Release|Any CPU.Build.0 = Release|Any CPU
	EndGlobalSection
	GlobalSection(SolutionProperties) = preSolution
		HideSolutionNode = FALSE
	EndGlobalSection
	GlobalSection(ExtensibilityGlobals) = postSolution
		SolutionGuid = {F5D63723-A1A1-43E8-A1B6-857751900850}
	EndGlobalSection
EndGlobal
